
Microsoft Visual Studio Solution File, Format Version 12.00
# Visual Studio Version 17
VisualStudioVersion = 17.0.31903.59
MinimumVisualStudioVersion = 10.0.40219.1
Project("{2150E333-8FDC-42A3-9474-1A3956D46DE8}") = "src", "src", "{8474B21E-70A0-45A4-8E0F-975DFFFC609C}"
EndProject
Project("{FAE04EC0-301F-11D3-BF4B-00C04F79EFBC}") = "NetSpeed.Application", "src\NetSpeed.Application\NetSpeed.Application.csproj", "{93D66568-CF4D-4E52-81BE-E8748C6F2A27}"
EndProject
Project("{FAE04EC0-301F-11D3-BF4B-00C04F79EFBC}") = "NetSpeed.Captcha", "src\NetSpeed.Captcha\NetSpeed.Captcha.csproj", "{FD40570B-8332-4B94-A766-EC2A3A210A48}"
EndProject
Project("{FAE04EC0-301F-11D3-BF4B-00C04F79EFBC}") = "NetSpeed.DependencyInjection", "src\NetSpeed.DependencyInjection\NetSpeed.DependencyInjection.csproj", "{AA257004-2DFA-4755-93C0-D00660D84746}"
EndProject
Project("{FAE04EC0-301F-11D3-BF4B-00C04F79EFBC}") = "NetSpeed.Domain", "src\NetSpeed.Domain\NetSpeed.Domain.csproj", "{D104F963-9814-4D4E-91D2-CCAFD7AE5DF6}"
EndProject
Project("{FAE04EC0-301F-11D3-BF4B-00C04F79EFBC}") = "NetSpeed.Executor", "src\NetSpeed.Executor\NetSpeed.Executor.csproj", "{437E0E70-C0D5-478E-8AB7-7FE6E76A2854}"
EndProject
Project("{FAE04EC0-301F-11D3-BF4B-00C04F79EFBC}") = "NetSpeed.Infrastructure", "src\NetSpeed.Infrastructure\NetSpeed.Infrastructure.csproj", "{A93A0D7F-E40F-4EDC-A657-5F52EAF6E912}"
EndProject
Project("{FAE04EC0-301F-11D3-BF4B-00C04F79EFBC}") = "NetSpeed.Pipelines", "src\NetSpeed.Pipelines\NetSpeed.Pipelines.csproj", "{509DF992-1921-4A96-8A07-9E2872CD91DE}"
EndProject
Project("{FAE04EC0-301F-11D3-BF4B-00C04F79EFBC}") = "NetSpeed.Web", "src\NetSpeed.Web\NetSpeed.Web.csproj", "{165C01BE-4EA0-4B4A-A622-3684469DA6AE}"
EndProject
Project("{2150E333-8FDC-42A3-9474-1A3956D46DE8}") = "tools", "tools", "{DA94B06D-F67B-41A2-BEF8-95002F81B616}"
EndProject
Project("{FAE04EC0-301F-11D3-BF4B-00C04F79EFBC}") = "NetSpeed.CaptchaCalibrador", "tools\NetSpeed.CaptchaCalibrador\NetSpeed.CaptchaCalibrador.csproj", "{15A0BFFC-0B86-478C-BB0B-10EBA24DD699}"
EndProject
Project("{2150E333-8FDC-42A3-9474-1A3956D46DE8}") = "tests", "tests", "{8D11C68E-EB8D-4C61-82AD-1DB723AFCEAC}"
EndProject
Project("{FAE04EC0-301F-11D3-BF4B-00C04F79EFBC}") = "NetSpeed.Tests", "tests\NetSpeed.Tests\NetSpeed.Tests.csproj", "{AC7D5ED9-39D5-42D5-9D93-411D93278328}"
EndProject
Global
	GlobalSection(SolutionConfigurationPlatforms) = preSolution
		Debug|Any CPU = Debug|Any CPU
		Release|Any CPU = Release|Any CPU
	EndGlobalSection
	GlobalSection(SolutionProperties) = preSolution
		HideSolutionNode = FALSE
	EndGlobalSection
	GlobalSection(ProjectConfigurationPlatforms) = postSolution
		{93D66568-CF4D-4E52-81BE-E8748C6F2A27}.Debug|Any CPU.ActiveCfg = Debug|Any CPU
		{93D66568-CF4D-4E52-81BE-E8748C6F2A27}.Debug|Any CPU.Build.0 = Debug|Any CPU
		{93D66568-CF4D-4E52-81BE-E8748C6F2A27}.Release|Any CPU.ActiveCfg = Release|Any CPU
		{93D66568-CF4D-4E52-81BE-E8748C6F2A27}.Release|Any CPU.Build.0 = Release|Any CPU
		{FD40570B-8332-4B94-A766-EC2A3A210A48}.Debug|Any CPU.ActiveCfg = Debug|Any CPU
		{FD40570B-8332-4B94-A766-EC2A3A210A48}.Debug|Any CPU.Build.0 = Debug|Any CPU
		{FD40570B-8332-4B94-A766-EC2A3A210A48}.Release|Any CPU.ActiveCfg = Release|Any CPU
		{FD40570B-8332-4B94-A766-EC2A3A210A48}.Release|Any CPU.Build.0 = Release|Any CPU
		{AA257004-2DFA-4755-93C0-D00660D84746}.Debug|Any CPU.ActiveCfg = Debug|Any CPU
		{AA257004-2DFA-4755-93C0-D00660D84746}.Debug|Any CPU.Build.0 = Debug|Any CPU
		{AA257004-2DFA-4755-93C0-D00660D84746}.Release|Any CPU.ActiveCfg = Release|Any CPU
		{AA257004-2DFA-4755-93C0-D00660D84746}.Release|Any CPU.Build.0 = Release|Any CPU
		{D104F963-9814-4D4E-91D2-CCAFD7AE5DF6}.Debug|Any CPU.ActiveCfg = Debug|Any CPU
		{D104F963-9814-4D4E-91D2-CCAFD7AE5DF6}.Debug|Any CPU.Build.0 = Debug|Any CPU
		{D104F963-9814-4D4E-91D2-CCAFD7AE5DF6}.Release|Any CPU.ActiveCfg = Release|Any CPU
		{D104F963-9814-4D4E-91D2-CCAFD7AE5DF6}.Release|Any CPU.Build.0 = Release|Any CPU
		{437E0E70-C0D5-478E-8AB7-7FE6E76A2854}.Debug|Any CPU.ActiveCfg = Debug|Any CPU
		{437E0E70-C0D5-478E-8AB7-7FE6E76A2854}.Debug|Any CPU.Build.0 = Debug|Any CPU
		{437E0E70-C0D5-478E-8AB7-7FE6E76A2854}.Release|Any CPU.ActiveCfg = Release|Any CPU
		{437E0E70-C0D5-478E-8AB7-7FE6E76A2854}.Release|Any CPU.Build.0 = Release|Any CPU
		{A93A0D7F-E40F-4EDC-A657-5F52EAF6E912}.Debug|Any CPU.ActiveCfg = Debug|Any CPU
		{A93A0D7F-E40F-4EDC-A657-5F52EAF6E912}.Debug|Any CPU.Build.0 = Debug|Any CPU
		{A93A0D7F-E40F-4EDC-A657-5F52EAF6E912}.Release|Any CPU.ActiveCfg = Release|Any CPU
		{A93A0D7F-E40F-4EDC-A657-5F52EAF6E912}.Release|Any CPU.Build.0 = Release|Any CPU
		{509DF992-1921-4A96-8A07-9E2872CD91DE}.Debug|Any CPU.ActiveCfg = Debug|Any CPU
		{509DF992-1921-4A96-8A07-9E2872CD91DE}.Debug|Any CPU.Build.0 = Debug|Any CPU
		{509DF992-1921-4A96-8A07-9E2872CD91DE}.Release|Any CPU.ActiveCfg = Release|Any CPU
		{509DF992-1921-4A96-8A07-9E2872CD91DE}.Release|Any CPU.Build.0 = Release|Any CPU
		{165C01BE-4EA0-4B4A-A622-3684469DA6AE}.Debug|Any CPU.ActiveCfg = Debug|Any CPU
		{165C01BE-4EA0-4B4A-A622-3684469DA6AE}.Debug|Any CPU.Build.0 = Debug|Any CPU
		{165C01BE-4EA0-4B4A-A622-3684469DA6AE}.Release|Any CPU.ActiveCfg = Release|Any CPU
		{165C01BE-4EA0-4B4A-A622-3684469DA6AE}.Release|Any CPU.Build.0 = Release|Any CPU
		{15A0BFFC-0B86-478C-BB0B-10EBA24DD699}.Debug|Any CPU.ActiveCfg = Debug|Any CPU
		{15A0BFFC-0B86-478C-BB0B-10EBA24DD699}.Debug|Any CPU.Build.0 = Debug|Any CPU
		{15A0BFFC-0B86-478C-BB0B-10EBA24DD699}.Release|Any CPU.ActiveCfg = Release|Any CPU
		{15A0BFFC-0B86-478C-BB0B-10EBA24DD699}.Release|Any CPU.Build.0 = Release|Any CPU
		{AC7D5ED9-39D5-42D5-9D93-411D93278328}.Debug|Any CPU.ActiveCfg = Debug|Any CPU
		{AC7D5ED9-39D5-42D5-9D93-411D93278328}.Debug|Any CPU.Build.0 = Debug|Any CPU
		{AC7D5ED9-39D5-42D5-9D93-411D93278328}.Release|Any CPU.ActiveCfg = Release|Any CPU
		{AC7D5ED9-39D5-42D5-9D93-411D93278328}.Release|Any CPU.Build.0 = Release|Any CPU
	EndGlobalSection
	GlobalSection(NestedProjects) = preSolution
		{93D66568-CF4D-4E52-81BE-E8748C6F2A27} = {8474B21E-70A0-45A4-8E0F-975DFFFC609C}
		{FD40570B-8332-4B94-A766-EC2A3A210A48} = {8474B21E-70A0-45A4-8E0F-975DFFFC609C}
		{AA257004-2DFA-4755-93C0-D00660D84746} = {8474B21E-70A0-45A4-8E0F-975DFFFC609C}
		{D104F963-9814-4D4E-91D2-CCAFD7AE5DF6} = {8474B21E-70A0-45A4-8E0F-975DFFFC609C}
		{437E0E70-C0D5-478E-8AB7-7FE6E76A2854} = {8474B21E-70A0-45A4-8E0F-975DFFFC609C}
		{A93A0D7F-E40F-4EDC-A657-5F52EAF6E912} = {8474B21E-70A0-45A4-8E0F-975DFFFC609C}
		{509DF992-1921-4A96-8A07-9E2872CD91DE} = {8474B21E-70A0-45A4-8E0F-975DFFFC609C}
		{165C01BE-4EA0-4B4A-A622-3684469DA6AE} = {8474B21E-70A0-45A4-8E0F-975DFFFC609C}
		{15A0BFFC-0B86-478C-BB0B-10EBA24DD699} = {DA94B06D-F67B-41A2-BEF8-95002F81B616}
		{AC7D5ED9-39D5-42D5-9D93-411D93278328} = {8D11C68E-EB8D-4C61-82AD-1DB723AFCEAC}
	EndGlobalSection
EndGlobal
